
Microsoft Visual Studio Solution File, Format Version 12.00
# Visual Studio Version 17
VisualStudioVersion = 17.4.33205.214
MinimumVisualStudioVersion = 10.0.40219.1
Project("{8BC9CEB8-8B4A-11D0-8D11-00A0C91BC942}") = "SqyMathLibrary", "SqyMathLibrary\SqyMathLibrary.vcxproj", "{9F4636FF-B090-46C4-BB4A-39C85026B9C9}"
EndProject
Project("{8BC9CEB8-8B4A-11D0-8D11-00A0C91BC942}") = "FunctionIndicator", "FunctionIndicator\FunctionIndicator.vcxproj", "{9A99448F-EE34-41A6-AC1F-642FE87B00DB}"
EndProject
Project("{8BC9CEB8-8B4A-11D0-8D11-00A0C91BC942}") = "Calculator", "Calculator\Demo2.vcxproj", "{DE26F8B6-0F95-49F7-A128-4A5D17B9F1B0}"
EndProject
Project("{2150E333-8FDC-42A3-9474-1A3956D46DE8}") = "解决方案项", "解决方案项", "{5B1B6308-788C-4163-8C8E-31457F351661}"
	ProjectSection(SolutionItems) = preProject
		readme.md = readme.md
	EndProjectSection
EndProject
Global
	GlobalSection(SolutionConfigurationPlatforms) = preSolution
		Debug|x64 = Debug|x64
		Debug|x86 = Debug|x86
		Release|x64 = Release|x64
		Release|x86 = Release|x86
	EndGlobalSection
	GlobalSection(ProjectConfigurationPlatforms) = postSolution
		{9F4636FF-B090-46C4-BB4A-39C85026B9C9}.Debug|x64.ActiveCfg = Debug|x64
		{9F4636FF-B090-46C4-BB4A-39C85026B9C9}.Debug|x64.Build.0 = Debug|x64
		{9F4636FF-B090-46C4-BB4A-39C85026B9C9}.Debug|x86.ActiveCfg = Debug|Win32
		{9F4636FF-B090-46C4-BB4A-39C85026B9C9}.Debug|x86.Build.0 = Debug|Win32
		{9F4636FF-B090-46C4-BB4A-39C85026B9C9}.Release|x64.ActiveCfg = Release|x64
		{9F4636FF-B090-46C4-BB4A-39C85026B9C9}.Release|x64.Build.0 = Release|x64
		{9F4636FF-B090-46C4-BB4A-39C85026B9C9}.Release|x86.ActiveCfg = Release|Win32
		{9F4636FF-B090-46C4-BB4A-39C85026B9C9}.Release|x86.Build.0 = Release|Win32
		{9A99448F-EE34-41A6-AC1F-642FE87B00DB}.Debug|x64.ActiveCfg = Debug|x64
		{9A99448F-EE34-41A6-AC1F-642FE87B00DB}.Debug|x64.Build.0 = Debug|x64
		{9A99448F-EE34-41A6-AC1F-642FE87B00DB}.Debug|x86.ActiveCfg = Debug|Win32
		{9A99448F-EE34-41A6-AC1F-642FE87B00DB}.Debug|x86.Build.0 = Debug|Win32
		{9A99448F-EE34-41A6-AC1F-642FE87B00DB}.Release|x64.ActiveCfg = Release|x64
		{9A99448F-EE34-41A6-AC1F-642FE87B00DB}.Release|x64.Build.0 = Release|x64
		{9A99448F-EE34-41A6-AC1F-642FE87B00DB}.Release|x86.ActiveCfg = Release|Win32
		{9A99448F-EE34-41A6-AC1F-642FE87B00DB}.Release|x86.Build.0 = Release|Win32
		{DE26F8B6-0F95-49F7-A128-4A5D17B9F1B0}.Debug|x64.ActiveCfg = Debug|x64
		{DE26F8B6-0F95-49F7-A128-4A5D17B9F1B0}.Debug|x64.Build.0 = Debug|x64
		{DE26F8B6-0F95-49F7-A128-4A5D17B9F1B0}.Debug|x86.ActiveCfg = Debug|Win32
		{DE26F8B6-0F95-49F7-A128-4A5D17B9F1B0}.Debug|x86.Build.0 = Debug|Win32
		{DE26F8B6-0F95-49F7-A128-4A5D17B9F1B0}.Release|x64.ActiveCfg = Release|x64
		{DE26F8B6-0F95-49F7-A128-4A5D17B9F1B0}.Release|x64.Build.0 = Release|x64
		{DE26F8B6-0F95-49F7-A128-4A5D17B9F1B0}.Release|x86.ActiveCfg = Release|Win32
		{DE26F8B6-0F95-49F7-A128-4A5D17B9F1B0}.Release|x86.Build.0 = Release|Win32
	EndGlobalSection
	GlobalSection(SolutionProperties) = preSolution
		HideSolutionNode = FALSE
	EndGlobalSection
	GlobalSection(ExtensibilityGlobals) = postSolution
		SolutionGuid = {EB9F2DC7-DD28-40AE-962D-ED82A46E10D2}
	EndGlobalSection
EndGlobal
